
Microsoft Visual Studio Solution File, Format Version 12.00
# Visual Studio 14
VisualStudioVersion = 14.0.24720.0
MinimumVisualStudioVersion = 10.0.40219.1
Project("{E24C65DC-7377-472B-9ABA-BC803B73C61A}") = "Outsuranceassessment", "..\..\..\..\..\..\Outsuranceassessment\", "{27502385-B798-4E74-BF98-4CC26DDCD137}"
	ProjectSection(WebsiteProperties) = preProject
		TargetFrameworkMoniker = ".NETFramework,Version%3Dv4.5.2"
		Debug.AspNetCompiler.VirtualPath = "/localhost_20727"
		Debug.AspNetCompiler.PhysicalPath = "..\..\..\..\..\..\Outsuranceassessment\"
		Debug.AspNetCompiler.TargetPath = "PrecompiledWeb\localhost_20727\"
		Debug.AspNetCompiler.Updateable = "true"
		Debug.AspNetCompiler.ForceOverwrite = "true"
		Debug.AspNetCompiler.FixedNames = "false"
		Debug.AspNetCompiler.Debug = "True"
		Release.AspNetCompiler.VirtualPath = "/localhost_20727"
		Release.AspNetCompiler.PhysicalPath = "..\..\..\..\..\..\Outsuranceassessment\"
		Release.AspNetCompiler.TargetPath = "PrecompiledWeb\localhost_20727\"
		Release.AspNetCompiler.Updateable = "true"
		Release.AspNetCompiler.ForceOverwrite = "true"
		Release.AspNetCompiler.FixedNames = "false"
		Release.AspNetCompiler.Debug = "False"
		VWDPort = "20727"
		SlnRelativePath = "..\..\..\..\..\..\Outsuranceassessment\"
		DefaultWebSiteLanguage = "Visual C#"
	EndProjectSection
EndProject
Project("{FAE04EC0-301F-11D3-BF4B-00C04F79EFBC}") = "OutsuranceTest", "..\..\..\..\..\..\OutsuranceassessmentTest\OutsuranceTest\OutsuranceTest.csproj", "{9CC94031-9CA7-4211-9D10-546CEC082588}"
	ProjectSection(ProjectDependencies) = postProject
		{27502385-B798-4E74-BF98-4CC26DDCD137} = {27502385-B798-4E74-BF98-4CC26DDCD137}
	EndProjectSection
EndProject
Global
	GlobalSection(SolutionConfigurationPlatforms) = preSolution
		Debug|Any CPU = Debug|Any CPU
		Release|Any CPU = Release|Any CPU
	EndGlobalSection
	GlobalSection(ProjectConfigurationPlatforms) = postSolution
		{27502385-B798-4E74-BF98-4CC26DDCD137}.Debug|Any CPU.ActiveCfg = Debug|Any CPU
		{27502385-B798-4E74-BF98-4CC26DDCD137}.Debug|Any CPU.Build.0 = Debug|Any CPU
		{27502385-B798-4E74-BF98-4CC26DDCD137}.Release|Any CPU.ActiveCfg = Debug|Any CPU
		{27502385-B798-4E74-BF98-4CC26DDCD137}.Release|Any CPU.Build.0 = Debug|Any CPU
		{9CC94031-9CA7-4211-9D10-546CEC082588}.Debug|Any CPU.ActiveCfg = Debug|Any CPU
		{9CC94031-9CA7-4211-9D10-546CEC082588}.Debug|Any CPU.Build.0 = Debug|Any CPU
		{9CC94031-9CA7-4211-9D10-546CEC082588}.Release|Any CPU.ActiveCfg = Release|Any CPU
		{9CC94031-9CA7-4211-9D10-546CEC082588}.Release|Any CPU.Build.0 = Release|Any CPU
	EndGlobalSection
	GlobalSection(SolutionProperties) = preSolution
		HideSolutionNode = FALSE
	EndGlobalSection
EndGlobal
